{
  "nodes": {
    "check-internet": {
      "inputs": {
        "flake-utils": "flake-utils",
        "nixpkgs": [
          "nixpkgs"
        ]
      },
      "locked": {
        "lastModified": 1739872858,
        "narHash": "sha256-OYbIQCKx7tp6NJBdw1KE3czsnDG6tP/kmOGbIqLtYpE=",
        "owner": "dtgoitia",
        "repo": "check-internet",
        "rev": "c13d4f7fff79d0fa6b5124b1d0d0fba45352dc8a",
        "type": "github"
      },
      "original": {
        "owner": "dtgoitia",
        "ref": "main",
        "repo": "check-internet",
        "type": "github"
      }
    },
    "flake-utils": {
      "inputs": {
        "systems": "systems"
      },
      "locked": {
        "lastModified": 1731533236,
        "narHash": "sha256-l0KFg5HjrsfsO/JpG+r7fRrqm12kzFHyUHqHCVpMMbI=",
        "owner": "numtide",
        "repo": "flake-utils",
        "rev": "11707dc2f618dd54ca8739b309ec4fc024de578b",
        "type": "github"
      },
      "original": {
        "owner": "numtide",
        "repo": "flake-utils",
        "type": "github"
      }
    },
    "flake-utils_2": {
      "inputs": {
        "systems": "systems_2"
      },
      "locked": {
        "lastModified": 1731533236,
        "narHash": "sha256-l0KFg5HjrsfsO/JpG+r7fRrqm12kzFHyUHqHCVpMMbI=",
        "owner": "numtide",
        "repo": "flake-utils",
        "rev": "11707dc2f618dd54ca8739b309ec4fc024de578b",
        "type": "github"
      },
      "original": {
        "owner": "numtide",
        "repo": "flake-utils",
        "type": "github"
      }
    },
    "flake-utils_3": {
      "inputs": {
        "systems": "systems_3"
      },
      "locked": {
        "lastModified": 1731533236,
        "narHash": "sha256-l0KFg5HjrsfsO/JpG+r7fRrqm12kzFHyUHqHCVpMMbI=",
        "owner": "numtide",
        "repo": "flake-utils",
        "rev": "11707dc2f618dd54ca8739b309ec4fc024de578b",
        "type": "github"
      },
      "original": {
        "owner": "numtide",
        "repo": "flake-utils",
        "type": "github"
      }
    },
    "home-manager": {
      "inputs": {
        "nixpkgs": [
          "nixpkgs"
        ]
      },
      "locked": {
        "lastModified": 1741416850,
        "narHash": "sha256-iqRxCsRxE/Q/3W1RHxQMthPKEda0hhY65uxEpE5TNk4=",
        "owner": "nix-community",
        "repo": "home-manager",
        "rev": "26f6b862645ff281f3bada5d406e8c20de8d837c",
        "type": "github"
      },
      "original": {
        "owner": "nix-community",
        "repo": "home-manager",
        "type": "github"
      }
    },
    "nixpkgs": {
      "locked": {
        "lastModified": 1741246872,
        "narHash": "sha256-Q6pMP4a9ed636qilcYX8XUguvKl/0/LGXhHcRI91p0U=",
        "owner": "nixos",
        "repo": "nixpkgs",
        "rev": "10069ef4cf863633f57238f179a0297de84bd8d3",
        "type": "github"
      },
      "original": {
        "owner": "nixos",
        "ref": "nixos-unstable",
        "repo": "nixpkgs",
        "type": "github"
      }
    },
    "root": {
      "inputs": {
        "check-internet": "check-internet",
        "home-manager": "home-manager",
        "nixpkgs": "nixpkgs",
        "rpi-temperature-tracker": "rpi-temperature-tracker",
        "toggl-cli": "toggl-cli"
      }
    },
    "rpi-temperature-tracker": {
      "inputs": {
        "flake-utils": "flake-utils_2",
        "nixpkgs": [
          "nixpkgs"
        ]
      },
      "locked": {
        "lastModified": 1739434005,
        "narHash": "sha256-lr8eAHFPsXibBYn0PiKM8ZIB4LLAC/u8NRsFLAjeD+M=",
        "owner": "dtgoitia",
        "repo": "rpi-temperature-tracker",
        "rev": "024660a8dd15b0b6212a3b78f91a9c32a1b77eb7",
        "type": "github"
      },
      "original": {
        "owner": "dtgoitia",
        "ref": "main",
        "repo": "rpi-temperature-tracker",
        "type": "github"
      }
    },
    "systems": {
      "locked": {
        "lastModified": 1681028828,
        "narHash": "sha256-Vy1rq5AaRuLzOxct8nz4T6wlgyUR7zLU309k9mBC768=",
        "owner": "nix-systems",
        "repo": "default",
        "rev": "da67096a3b9bf56a91d16901293e51ba5b49a27e",
        "type": "github"
      },
      "original": {
        "owner": "nix-systems",
        "repo": "default",
        "type": "github"
      }
    },
    "systems_2": {
      "locked": {
        "lastModified": 1681028828,
        "narHash": "sha256-Vy1rq5AaRuLzOxct8nz4T6wlgyUR7zLU309k9mBC768=",
        "owner": "nix-systems",
        "repo": "default",
        "rev": "da67096a3b9bf56a91d16901293e51ba5b49a27e",
        "type": "github"
      },
      "original": {
        "owner": "nix-systems",
        "repo": "default",
        "type": "github"
      }
    },
    "systems_3": {
      "locked": {
        "lastModified": 1681028828,
        "narHash": "sha256-Vy1rq5AaRuLzOxct8nz4T6wlgyUR7zLU309k9mBC768=",
        "owner": "nix-systems",
        "repo": "default",
        "rev": "da67096a3b9bf56a91d16901293e51ba5b49a27e",
        "type": "github"
      },
      "original": {
        "owner": "nix-systems",
        "repo": "default",
        "type": "github"
      }
    },
    "toggl-cli": {
      "inputs": {
        "flake-utils": "flake-utils_3",
        "nixpkgs": [
          "nixpkgs"
        ]
      },
      "locked": {
        "lastModified": 1739956730,
        "narHash": "sha256-oEcnSxNmFOEBu5cYWWnFDxkDl3FVT0noRMVuRym6Q/A=",
        "owner": "dtgoitia",
        "repo": "t-rs",
        "rev": "50a722aefef6f4ad8c80cfc8ff4f3c423962abad",
        "type": "github"
      },
      "original": {
        "owner": "dtgoitia",
        "ref": "main",
        "repo": "t-rs",
        "type": "github"
      }
    }
  },
  "root": "root",
  "version": 7
}
